
Microsoft Visual Studio Solution File, Format Version 12.00
# Visual Studio Version 17
VisualStudioVersion = 17.5.33414.496
MinimumVisualStudioVersion = 10.0.40219.1
Project("{FAE04EC0-301F-11D3-BF4B-00C04F79EFBC}") = "osu_terminal", "osu_terminal\osu_terminal.csproj", "{35A14FBD-9345-409F-B4FD-FADA22EEC524}"
EndProject
Global
	GlobalSection(SolutionConfigurationPlatforms) = preSolution
		Debug|Any CPU = Debug|Any CPU
		Release|Any CPU = Release|Any CPU
	EndGlobalSection
	GlobalSection(ProjectConfigurationPlatforms) = postSolution
		{35A14FBD-9345-409F-B4FD-FADA22EEC524}.Debug|Any CPU.ActiveCfg = Debug|Any CPU
		{35A14FBD-9345-409F-B4FD-FADA22EEC524}.Debug|Any CPU.Build.0 = Debug|Any CPU
		{35A14FBD-9345-409F-B4FD-FADA22EEC524}.Release|Any CPU.ActiveCfg = Release|Any CPU
		{35A14FBD-9345-409F-B4FD-FADA22EEC524}.Release|Any CPU.Build.0 = Release|Any CPU
	EndGlobalSection
	GlobalSection(SolutionProperties) = preSolution
		HideSolutionNode = FALSE
	EndGlobalSection
	GlobalSection(ExtensibilityGlobals) = postSolution
		SolutionGuid = {FAA540A0-0402-4EE8-A0F7-4CADBD93A3B1}
	EndGlobalSection
EndGlobal
